
Microsoft Visual Studio Solution File, Format Version 12.00
# Visual Studio Version 18
VisualStudioVersion = 18.2.11415.280
MinimumVisualStudioVersion = 10.0.40219.1
Project("{FAE04EC0-301F-11D3-BF4B-00C04F79EFBC}") = "UI", "src\UI\UI.csproj", "{C27E3654-FA0B-41EB-87C2-9B9A6B27566F}"
EndProject
Project("{2150E333-8FDC-42A3-9474-1A3956D46DE8}") = "Solution Items", "Solution Items", "{8EC462FD-D22E-90A8-E5CE-7E832BA40C5D}"
	ProjectSection(SolutionItems) = preProject
		.github\workflows\build-all-platforms.yml = .github\workflows\build-all-platforms.yml
		Languages\Danish.json = Languages\Danish.json
		Languages\English.json = Languages\English.json
		LICENSE = LICENSE
		installer\LICENSE.rtf = installer\LICENSE.rtf
		make-installer.bat = make-installer.bat
		installer\Product.wxs = installer\Product.wxs
		README.md = README.md
	EndProjectSection
EndProject
Project("{2150E333-8FDC-42A3-9474-1A3956D46DE8}") = "macBundle", "macBundle", "{20ABFC11-A537-4519-BC53-961E337091C3}"
	ProjectSection(SolutionItems) = preProject
		installer\macBundle\SubtitleEdit.app\Contents\Info.plist = installer\macBundle\SubtitleEdit.app\Contents\Info.plist
		installer\macBundle\update-plist-version.sh = installer\macBundle\update-plist-version.sh
	EndProjectSection
EndProject
Project("{FAE04EC0-301F-11D3-BF4B-00C04F79EFBC}") = "LibSE", "src\libse\LibSE.csproj", "{28555E54-253F-6C49-5DB8-4B2C88F26731}"
EndProject
Project("{FAE04EC0-301F-11D3-BF4B-00C04F79EFBC}") = "LibSETests", "tests\libse\LibSETests.csproj", "{21C390BF-0785-5EC6-6F63-787A969378AF}"
EndProject
Project("{FAE04EC0-301F-11D3-BF4B-00C04F79EFBC}") = "SeConv", "SeConv\SeConv.csproj", "{69D08B9E-1CD0-4D69-A4D7-4B5D7D05C05A}"
EndProject
Global
	GlobalSection(SolutionConfigurationPlatforms) = preSolution
		Debug|Any CPU = Debug|Any CPU
		Release|Any CPU = Release|Any CPU
	EndGlobalSection
	GlobalSection(ProjectConfigurationPlatforms) = postSolution
		{C27E3654-FA0B-41EB-87C2-9B9A6B27566F}.Debug|Any CPU.ActiveCfg = Debug|Any CPU
		{C27E3654-FA0B-41EB-87C2-9B9A6B27566F}.Debug|Any CPU.Build.0 = Debug|Any CPU
		{C27E3654-FA0B-41EB-87C2-9B9A6B27566F}.Release|Any CPU.ActiveCfg = Release|Any CPU
		{C27E3654-FA0B-41EB-87C2-9B9A6B27566F}.Release|Any CPU.Build.0 = Release|Any CPU
		{28555E54-253F-6C49-5DB8-4B2C88F26731}.Debug|Any CPU.ActiveCfg = Debug|Any CPU
		{28555E54-253F-6C49-5DB8-4B2C88F26731}.Debug|Any CPU.Build.0 = Debug|Any CPU
		{28555E54-253F-6C49-5DB8-4B2C88F26731}.Release|Any CPU.ActiveCfg = Release|Any CPU
		{28555E54-253F-6C49-5DB8-4B2C88F26731}.Release|Any CPU.Build.0 = Release|Any CPU
		{21C390BF-0785-5EC6-6F63-787A969378AF}.Debug|Any CPU.ActiveCfg = Debug|Any CPU
		{21C390BF-0785-5EC6-6F63-787A969378AF}.Debug|Any CPU.Build.0 = Debug|Any CPU
		{21C390BF-0785-5EC6-6F63-787A969378AF}.Release|Any CPU.ActiveCfg = Release|Any CPU
		{21C390BF-0785-5EC6-6F63-787A969378AF}.Release|Any CPU.Build.0 = Release|Any CPU
		{69D08B9E-1CD0-4D69-A4D7-4B5D7D05C05A}.Debug|Any CPU.ActiveCfg = Debug|Any CPU
		{69D08B9E-1CD0-4D69-A4D7-4B5D7D05C05A}.Debug|Any CPU.Build.0 = Debug|Any CPU
		{69D08B9E-1CD0-4D69-A4D7-4B5D7D05C05A}.Release|Any CPU.ActiveCfg = Release|Any CPU
		{69D08B9E-1CD0-4D69-A4D7-4B5D7D05C05A}.Release|Any CPU.Build.0 = Release|Any CPU
	EndGlobalSection
	GlobalSection(SolutionProperties) = preSolution
		HideSolutionNode = FALSE
	EndGlobalSection
	GlobalSection(NestedProjects) = preSolution
		{20ABFC11-A537-4519-BC53-961E337091C3} = {8EC462FD-D22E-90A8-E5CE-7E832BA40C5D}
	EndGlobalSection
	GlobalSection(ExtensibilityGlobals) = postSolution
		SolutionGuid = {27E960EC-896F-428C-95A2-C250321C16D5}
	EndGlobalSection
EndGlobal
