
Microsoft Visual Studio Solution File, Format Version 12.00
# Visual Studio Version 17
VisualStudioVersion = 17.13.35931.197
MinimumVisualStudioVersion = 10.0.40219.1
Project("{FAE04EC0-301F-11D3-BF4B-00C04F79EFBC}") = "UI", "src\UI\UI.csproj", "{C27E3654-FA0B-41EB-87C2-9B9A6B27566F}"
EndProject
Project("{FAE04EC0-301F-11D3-BF4B-00C04F79EFBC}") = "LibMpv", "src\LibMpv\LibMpv.csproj", "{7630C7BF-9196-E8CB-EB37-F2BC60AF3D2B}"
EndProject
Project("{FAE04EC0-301F-11D3-BF4B-00C04F79EFBC}") = "LibMpv.Avalonia", "src\LibMpv.Avalonia\LibMpv.Avalonia.csproj", "{22BB0BF5-41FA-0BE8-9D01-06ACA3CD2B85}"
EndProject
Project("{2150E333-8FDC-42A3-9474-1A3956D46DE8}") = "Solution Items", "Solution Items", "{8EC462FD-D22E-90A8-E5CE-7E832BA40C5D}"
	ProjectSection(SolutionItems) = preProject
		.github\workflows\build-all-platforms.yml = .github\workflows\build-all-platforms.yml
		LICENSE = LICENSE
		installer\LICENSE.rtf = installer\LICENSE.rtf
		make-installer.bat = make-installer.bat
		installer\Product.wxs = installer\Product.wxs
		README.md = README.md
		Dictionaries\version.txt = Dictionaries\version.txt
		Languages\English.json = Languages\English.json
		Languages\version.txt = Languages\version.txt
		Languages\Danish.json = Languages\Danish.json
		Ocr\version.txt = Ocr\version.txt
		Themes\version.txt = Themes\version.txt
	EndProjectSection
EndProject
Project("{2150E333-8FDC-42A3-9474-1A3956D46DE8}") = "macBundle", "macBundle", "{20ABFC11-A537-4519-BC53-961E337091C3}"
	ProjectSection(SolutionItems) = preProject
		installer\macBundle\SubtitleEdit.app\Contents\Info.plist = installer\macBundle\SubtitleEdit.app\Contents\Info.plist
	EndProjectSection
EndProject
Global
	GlobalSection(SolutionConfigurationPlatforms) = preSolution
		Debug|Any CPU = Debug|Any CPU
		Release|Any CPU = Release|Any CPU
	EndGlobalSection
	GlobalSection(ProjectConfigurationPlatforms) = postSolution
		{C27E3654-FA0B-41EB-87C2-9B9A6B27566F}.Debug|Any CPU.ActiveCfg = Debug|Any CPU
		{C27E3654-FA0B-41EB-87C2-9B9A6B27566F}.Debug|Any CPU.Build.0 = Debug|Any CPU
		{C27E3654-FA0B-41EB-87C2-9B9A6B27566F}.Release|Any CPU.ActiveCfg = Release|Any CPU
		{C27E3654-FA0B-41EB-87C2-9B9A6B27566F}.Release|Any CPU.Build.0 = Release|Any CPU
		{7630C7BF-9196-E8CB-EB37-F2BC60AF3D2B}.Debug|Any CPU.ActiveCfg = Debug|Any CPU
		{7630C7BF-9196-E8CB-EB37-F2BC60AF3D2B}.Debug|Any CPU.Build.0 = Debug|Any CPU
		{7630C7BF-9196-E8CB-EB37-F2BC60AF3D2B}.Release|Any CPU.ActiveCfg = Release|Any CPU
		{7630C7BF-9196-E8CB-EB37-F2BC60AF3D2B}.Release|Any CPU.Build.0 = Release|Any CPU
		{22BB0BF5-41FA-0BE8-9D01-06ACA3CD2B85}.Debug|Any CPU.ActiveCfg = Debug|Any CPU
		{22BB0BF5-41FA-0BE8-9D01-06ACA3CD2B85}.Debug|Any CPU.Build.0 = Debug|Any CPU
		{22BB0BF5-41FA-0BE8-9D01-06ACA3CD2B85}.Release|Any CPU.ActiveCfg = Release|Any CPU
		{22BB0BF5-41FA-0BE8-9D01-06ACA3CD2B85}.Release|Any CPU.Build.0 = Release|Any CPU
	EndGlobalSection
	GlobalSection(SolutionProperties) = preSolution
		HideSolutionNode = FALSE
	EndGlobalSection
	GlobalSection(ExtensibilityGlobals) = postSolution
		SolutionGuid = {27E960EC-896F-428C-95A2-C250321C16D5}
	EndGlobalSection
	GlobalSection(NestedProjects) = preSolution
		{20ABFC11-A537-4519-BC53-961E337091C3} = {8EC462FD-D22E-90A8-E5CE-7E832BA40C5D}
	EndGlobalSection
EndGlobal
